// !$*UTF8*$!
{
	archiveVersion = 1;
	classes = {
	};
	objectVersion = 50;
	objects = {

/* Begin PBXBuildFile section */
		46C0CDC526956C48003FED37 /* AppDelegate.swift in Sources */ = {isa = PBXBuildFile; fileRef = 46C0CDC426956C48003FED37 /* AppDelegate.swift */; };
		46C0CDC726956C48003FED37 /* SceneDelegate.swift in Sources */ = {isa = PBXBuildFile; fileRef = 46C0CDC626956C48003FED37 /* SceneDelegate.swift */; };
		46C0CDCE26956C49003FED37 /* Assets.xcassets in Resources */ = {isa = PBXBuildFile; fileRef = 46C0CDCD26956C49003FED37 /* Assets.xcassets */; };
		46C0CDD126956C49003FED37 /* LaunchScreen.storyboard in Resources */ = {isa = PBXBuildFile; fileRef = 46C0CDCF26956C49003FED37 /* LaunchScreen.storyboard */; };
		46C0CDDA26956EDE003FED37 /* LoginViewController.swift in Sources */ = {isa = PBXBuildFile; fileRef = 46C0CDD926956EDE003FED37 /* LoginViewController.swift */; };
		46C0CDDC26956F53003FED37 /* Coordinator.swift in Sources */ = {isa = PBXBuildFile; fileRef = 46C0CDDB26956F53003FED37 /* Coordinator.swift */; };
		D98E4A41DAFDD43E088314FD /* Pods_loginValidationPractice.framework in Frameworks */ = {isa = PBXBuildFile; fileRef = 50DEF6EBE73240BE044E3184 /* Pods_loginValidationPractice.framework */; };
/* End PBXBuildFile section */

/* Begin PBXFileReference section */
		46C0CDC126956C48003FED37 /* loginValidationPractice.app */ = {isa = PBXFileReference; explicitFileType = wrapper.application; includeInIndex = 0; path = loginValidationPractice.app; sourceTree = BUILT_PRODUCTS_DIR; };
		46C0CDC426956C48003FED37 /* AppDelegate.swift */ = {isa = PBXFileReference; lastKnownFileType = sourcecode.swift; path = AppDelegate.swift; sourceTree = "<group>"; };
		46C0CDC626956C48003FED37 /* SceneDelegate.swift */ = {isa = PBXFileReference; lastKnownFileType = sourcecode.swift; path = SceneDelegate.swift; sourceTree = "<group>"; };
		46C0CDCD26956C49003FED37 /* Assets.xcassets */ = {isa = PBXFileReference; lastKnownFileType = folder.assetcatalog; path = Assets.xcassets; sourceTree = "<group>"; };
		46C0CDD026956C49003FED37 /* Base */ = {isa = PBXFileReference; lastKnownFileType = file.storyboard; name = Base; path = Base.lproj/LaunchScreen.storyboard; sourceTree = "<group>"; };
		46C0CDD226956C49003FED37 /* Info.plist */ = {isa = PBXFileReference; lastKnownFileType = text.plist.xml; path = Info.plist; sourceTree = "<group>"; };
		46C0CDD926956EDE003FED37 /* LoginViewController.swift */ = {isa = PBXFileReference; lastKnownFileType = sourcecode.swift; path = LoginViewController.swift; sourceTree = "<group>"; };
		46C0CDDB26956F53003FED37 /* Coordinator.swift */ = {isa = PBXFileReference; lastKnownFileType = sourcecode.swift; path = Coordinator.swift; sourceTree = "<group>"; };
		50DEF6EBE73240BE044E3184 /* Pods_loginValidationPractice.framework */ = {isa = PBXFileReference; explicitFileType = wrapper.framework; includeInIndex = 0; path = Pods_loginValidationPractice.framework; sourceTree = BUILT_PRODUCTS_DIR; };
		8E48F85B66E44704AAB03447 /* Pods-loginValidationPractice.debug.xcconfig */ = {isa = PBXFileReference; includeInIndex = 1; lastKnownFileType = text.xcconfig; name = "Pods-loginValidationPractice.debug.xcconfig"; path = "Target Support Files/Pods-loginValidationPractice/Pods-loginValidationPractice.debug.xcconfig"; sourceTree = "<group>"; };
		F074EA7070975CCC17E46EDA /* Pods-loginValidationPractice.release.xcconfig */ = {isa = PBXFileReference; includeInIndex = 1; lastKnownFileType = text.xcconfig; name = "Pods-loginValidationPractice.release.xcconfig"; path = "Target Support Files/Pods-loginValidationPractice/Pods-loginValidationPractice.release.xcconfig"; sourceTree = "<group>"; };
/* End PBXFileReference section */

/* Begin PBXFrameworksBuildPhase section */
		46C0CDBE26956C48003FED37 /* Frameworks */ = {
			isa = PBXFrameworksBuildPhase;
			buildActionMask = 2147483647;
			files = (
				D98E4A41DAFDD43E088314FD /* Pods_loginValidationPractice.framework in Frameworks */,
			);
			runOnlyForDeploymentPostprocessing = 0;
		};
/* End PBXFrameworksBuildPhase section */

/* Begin PBXGroup section */
		46C0CDB826956C48003FED37 = {
			isa = PBXGroup;
			children = (
				46C0CDC326956C48003FED37 /* loginValidationPractice */,
				46C0CDC226956C48003FED37 /* Products */,
				B115D56BDC150D6009058F07 /* Pods */,
				8907AA211B0A308FFEF5F11C /* Frameworks */,
			);
			sourceTree = "<group>";
		};
		46C0CDC226956C48003FED37 /* Products */ = {
			isa = PBXGroup;
			children = (
				46C0CDC126956C48003FED37 /* loginValidationPractice.app */,
			);
			name = Products;
			sourceTree = "<group>";
		};
		46C0CDC326956C48003FED37 /* loginValidationPractice */ = {
			isa = PBXGroup;
			children = (
				46C0CDD826956C92003FED37 /* Controller */,
				46C0CDC426956C48003FED37 /* AppDelegate.swift */,
				46C0CDC626956C48003FED37 /* SceneDelegate.swift */,
				46C0CDCD26956C49003FED37 /* Assets.xcassets */,
				46C0CDCF26956C49003FED37 /* LaunchScreen.storyboard */,
				46C0CDD226956C49003FED37 /* Info.plist */,
				46C0CDDB26956F53003FED37 /* Coordinator.swift */,
			);
			path = loginValidationPractice;
			sourceTree = "<group>";
		};
		46C0CDD826956C92003FED37 /* Controller */ = {
			isa = PBXGroup;
			children = (
				46C0CDD926956EDE003FED37 /* LoginViewController.swift */,
			);
			path = Controller;
			sourceTree = "<group>";
		};
		8907AA211B0A308FFEF5F11C /* Frameworks */ = {
			isa = PBXGroup;
			children = (
				50DEF6EBE73240BE044E3184 /* Pods_loginValidationPractice.framework */,
			);
			name = Frameworks;
			sourceTree = "<group>";
		};
		B115D56BDC150D6009058F07 /* Pods */ = {
			isa = PBXGroup;
			children = (
				8E48F85B66E44704AAB03447 /* Pods-loginValidationPractice.debug.xcconfig */,
				F074EA7070975CCC17E46EDA /* Pods-loginValidationPractice.release.xcconfig */,
			);
			name = Pods;
			path = Pods;
			sourceTree = "<group>";
		};
/* End PBXGroup section */

/* Begin PBXNativeTarget section */
		46C0CDC026956C48003FED37 /* loginValidationPractice */ = {
			isa = PBXNativeTarget;
			buildConfigurationList = 46C0CDD526956C49003FED37 /* Build configuration list for PBXNativeTarget "loginValidationPractice" */;
			buildPhases = (
				3C5D6750F0A2F463C7E3C7DB /* [CP] Check Pods Manifest.lock */,
				46C0CDBD26956C48003FED37 /* Sources */,
				46C0CDBE26956C48003FED37 /* Frameworks */,
				46C0CDBF26956C48003FED37 /* Resources */,
				382FFA4C529E7414C37FAADC /* [CP] Embed Pods Frameworks */,
			);
			buildRules = (
			);
			dependencies = (
			);
			name = loginValidationPractice;
			productName = loginValidationPractice;
			productReference = 46C0CDC126956C48003FED37 /* loginValidationPractice.app */;
			productType = "com.apple.product-type.application";
		};
/* End PBXNativeTarget section */

/* Begin PBXProject section */
		46C0CDB926956C48003FED37 /* Project object */ = {
			isa = PBXProject;
			attributes = {
				LastSwiftUpdateCheck = 1250;
				LastUpgradeCheck = 1250;
				TargetAttributes = {
					46C0CDC026956C48003FED37 = {
						CreatedOnToolsVersion = 12.5;
					};
				};
			};
			buildConfigurationList = 46C0CDBC26956C48003FED37 /* Build configuration list for PBXProject "loginValidationPractice" */;
			compatibilityVersion = "Xcode 9.3";
			developmentRegion = en;
			hasScannedForEncodings = 0;
			knownRegions = (
				en,
				Base,
			);
			mainGroup = 46C0CDB826956C48003FED37;
			productRefGroup = 46C0CDC226956C48003FED37 /* Products */;
			projectDirPath = "";
			projectRoot = "";
			targets = (
				46C0CDC026956C48003FED37 /* loginValidationPractice */,
			);
		};
/* End PBXProject section */

/* Begin PBXResourcesBuildPhase section */
		46C0CDBF26956C48003FED37 /* Resources */ = {
			isa = PBXResourcesBuildPhase;
			buildActionMask = 2147483647;
			files = (
				46C0CDD126956C49003FED37 /* LaunchScreen.storyboard in Resources */,
				46C0CDCE26956C49003FED37 /* Assets.xcassets in Resources */,
			);
			runOnlyForDeploymentPostprocessing = 0;
		};
/* End PBXResourcesBuildPhase section */

/* Begin PBXShellScriptBuildPhase section */
		382FFA4C529E7414C37FAADC /* [CP] Embed Pods Frameworks */ = {
			isa = PBXShellScriptBuildPhase;
			buildActionMask = 2147483647;
			files = (
			);
			inputFileListPaths = (
				"${PODS_ROOT}/Target Support Files/Pods-loginValidationPractice/Pods-loginValidationPractice-frameworks-${CONFIGURATION}-input-files.xcfilelist",
			);
			name = "[CP] Embed Pods Frameworks";
			outputFileListPaths = (
				"${PODS_ROOT}/Target Support Files/Pods-loginValidationPractice/Pods-loginValidationPractice-frameworks-${CONFIGURATION}-output-files.xcfilelist",
			);
			runOnlyForDeploymentPostprocessing = 0;
			shellPath = /bin/sh;
			shellScript = "\"${PODS_ROOT}/Target Support Files/Pods-loginValidationPractice/Pods-loginValidationPractice-frameworks.sh\"\n";
			showEnvVarsInLog = 0;
		};
		3C5D6750F0A2F463C7E3C7DB /* [CP] Check Pods Manifest.lock */ = {
			isa = PBXShellScriptBuildPhase;
			buildActionMask = 2147483647;
			files = (
			);
			inputFileListPaths = (
			);
			inputPaths = (
				"${PODS_PODFILE_DIR_PATH}/Podfile.lock",
				"${PODS_ROOT}/Manifest.lock",
			);
			name = "[CP] Check Pods Manifest.lock";
			outputFileListPaths = (
			);
			outputPaths = (
				"$(DERIVED_FILE_DIR)/Pods-loginValidationPractice-checkManifestLockResult.txt",
			);
			runOnlyForDeploymentPostprocessing = 0;
			shellPath = /bin/sh;
			shellScript = "diff \"${PODS_PODFILE_DIR_PATH}/Podfile.lock\" \"${PODS_ROOT}/Manifest.lock\" > /dev/null\nif [ $? != 0 ] ; then\n    # print error to STDERR\n    echo \"error: The sandbox is not in sync with the Podfile.lock. Run 'pod install' or update your CocoaPods installation.\" >&2\n    exit 1\nfi\n# This output is used by Xcode 'outputs' to avoid re-running this script phase.\necho \"SUCCESS\" > \"${SCRIPT_OUTPUT_FILE_0}\"\n";
			showEnvVarsInLog = 0;
		};
/* End PBXShellScriptBuildPhase section */

/* Begin PBXSourcesBuildPhase section */
		46C0CDBD26956C48003FED37 /* Sources */ = {
			isa = PBXSourcesBuildPhase;
			buildActionMask = 2147483647;
			files = (
				46C0CDDC26956F53003FED37 /* Coordinator.swift in Sources */,
				46C0CDDA26956EDE003FED37 /* LoginViewController.swift in Sources */,
				46C0CDC526956C48003FED37 /* AppDelegate.swift in Sources */,
				46C0CDC726956C48003FED37 /* SceneDelegate.swift in Sources */,
			);
			runOnlyForDeploymentPostprocessing = 0;
		};
/* End PBXSourcesBuildPhase section */

/* Begin PBXVariantGroup section */
		46C0CDCF26956C49003FED37 /* LaunchScreen.storyboard */ = {
			isa = PBXVariantGroup;
			children = (
				46C0CDD026956C49003FED37 /* Base */,
			);
			name = LaunchScreen.storyboard;
			sourceTree = "<group>";
		};
/* End PBXVariantGroup section */

/* Begin XCBuildConfiguration section */
		46C0CDD326956C49003FED37 /* Debug */ = {
			isa = XCBuildConfiguration;
			buildSettings = {
				ALWAYS_SEARCH_USER_PATHS = NO;
				CLANG_ANALYZER_NONNULL = YES;
				CLANG_ANALYZER_NUMBER_OBJECT_CONVERSION = YES_AGGRESSIVE;
				CLANG_CXX_LANGUAGE_STANDARD = "gnu++14";
				CLANG_CXX_LIBRARY = "libc++";
				CLANG_ENABLE_MODULES = YES;
				CLANG_ENABLE_OBJC_ARC = YES;
				CLANG_ENABLE_OBJC_WEAK = YES;
				CLANG_WARN_BLOCK_CAPTURE_AUTORELEASING = YES;
				CLANG_WARN_BOOL_CONVERSION = YES;
				CLANG_WARN_COMMA = YES;
				CLANG_WARN_CONSTANT_CONVERSION = YES;
				CLANG_WARN_DEPRECATED_OBJC_IMPLEMENTATIONS = YES;
				CLANG_WARN_DIRECT_OBJC_ISA_USAGE = YES_ERROR;
				CLANG_WARN_DOCUMENTATION_COMMENTS = YES;
				CLANG_WARN_EMPTY_BODY = YES;
				CLANG_WARN_ENUM_CONVERSION = YES;
				CLANG_WARN_INFINITE_RECURSION = YES;
				CLANG_WARN_INT_CONVERSION = YES;
				CLANG_WARN_NON_LITERAL_NULL_CONVERSION = YES;
				CLANG_WARN_OBJC_IMPLICIT_RETAIN_SELF = YES;
				CLANG_WARN_OBJC_LITERAL_CONVERSION = YES;
				CLANG_WARN_OBJC_ROOT_CLASS = YES_ERROR;
				CLANG_WARN_QUOTED_INCLUDE_IN_FRAMEWORK_HEADER = YES;
				CLANG_WARN_RANGE_LOOP_ANALYSIS = YES;
				CLANG_WARN_STRICT_PROTOTYPES = YES;
				CLANG_WARN_SUSPICIOUS_MOVE = YES;
				CLANG_WARN_UNGUARDED_AVAILABILITY = YES_AGGRESSIVE;
				CLANG_WARN_UNREACHABLE_CODE = YES;
				CLANG_WARN__DUPLICATE_METHOD_MATCH = YES;
				COPY_PHASE_STRIP = NO;
				DEBUG_INFORMATION_FORMAT = dwarf;
				ENABLE_STRICT_OBJC_MSGSEND = YES;
				ENABLE_TESTABILITY = YES;
				GCC_C_LANGUAGE_STANDARD = gnu11;
				GCC_DYNAMIC_NO_PIC = NO;
				GCC_NO_COMMON_BLOCKS = YES;
				GCC_OPTIMIZATION_LEVEL = 0;
				GCC_PREPROCESSOR_DEFINITIONS = (
					"DEBUG=1",
					"$(inherited)",
				);
				GCC_WARN_64_TO_32_BIT_CONVERSION = YES;
				GCC_WARN_ABOUT_RETURN_TYPE = YES_ERROR;
				GCC_WARN_UNDECLARED_SELECTOR = YES;
				GCC_WARN_UNINITIALIZED_AUTOS = YES_AGGRESSIVE;
				GCC_WARN_UNUSED_FUNCTION = YES;
				GCC_WARN_UNUSED_VARIABLE = YES;
				IPHONEOS_DEPLOYMENT_TARGET = 14.5;
				MTL_ENABLE_DEBUG_INFO = INCLUDE_SOURCE;
				MTL_FAST_MATH = YES;
				ONLY_ACTIVE_ARCH = YES;
				SDKROOT = iphoneos;
				SWIFT_ACTIVE_COMPILATION_CONDITIONS = DEBUG;
				SWIFT_OPTIMIZATION_LEVEL = "-Onone";
			};
			name = Debug;
		};
		46C0CDD426956C49003FED37 /* Release */ = {
			isa = XCBuildConfiguration;
			buildSettings = {
				ALWAYS_SEARCH_USER_PATHS = NO;
				CLANG_ANALYZER_NONNULL = YES;
				CLANG_ANALYZER_NUMBER_OBJECT_CONVERSION = YES_AGGRESSIVE;
				CLANG_CXX_LANGUAGE_STANDARD = "gnu++14";
				CLANG_CXX_LIBRARY = "libc++";
				CLANG_ENABLE_MODULES = YES;
				CLANG_ENABLE_OBJC_ARC = YES;
				CLANG_ENABLE_OBJC_WEAK = YES;
				CLANG_WARN_BLOCK_CAPTURE_AUTORELEASING = YES;
				CLANG_WARN_BOOL_CONVERSION = YES;
				CLANG_WARN_COMMA = YES;
				CLANG_WARN_CONSTANT_CONVERSION = YES;
				CLANG_WARN_DEPRECATED_OBJC_IMPLEMENTATIONS = YES;
				CLANG_WARN_DIRECT_OBJC_ISA_USAGE = YES_ERROR;
				CLANG_WARN_DOCUMENTATION_COMMENTS = YES;
				CLANG_WARN_EMPTY_BODY = YES;
				CLANG_WARN_ENUM_CONVERSION = YES;
				CLANG_WARN_INFINITE_RECURSION = YES;
				CLANG_WARN_INT_CONVERSION = YES;
				CLANG_WARN_NON_LITERAL_NULL_CONVERSION = YES;
				CLANG_WARN_OBJC_IMPLICIT_RETAIN_SELF = YES;
				CLANG_WARN_OBJC_LITERAL_CONVERSION = YES;
				CLANG_WARN_OBJC_ROOT_CLASS = YES_ERROR;
				CLANG_WARN_QUOTED_INCLUDE_IN_FRAMEWORK_HEADER = YES;
				CLANG_WARN_RANGE_LOOP_ANALYSIS = YES;
				CLANG_WARN_STRICT_PROTOTYPES = YES;
				CLANG_WARN_SUSPICIOUS_MOVE = YES;
				CLANG_WARN_UNGUARDED_AVAILABILITY = YES_AGGRESSIVE;
				CLANG_WARN_UNREACHABLE_CODE = YES;
				CLANG_WARN__DUPLICATE_METHOD_MATCH = YES;
				COPY_PHASE_STRIP = NO;
				DEBUG_INFORMATION_FORMAT = "dwarf-with-dsym";
				ENABLE_NS_ASSERTIONS = NO;
				ENABLE_STRICT_OBJC_MSGSEND = YES;
				GCC_C_LANGUAGE_STANDARD = gnu11;
				GCC_NO_COMMON_BLOCKS = YES;
				GCC_WARN_64_TO_32_BIT_CONVERSION = YES;
				GCC_WARN_ABOUT_RETURN_TYPE = YES_ERROR;
				GCC_WARN_UNDECLARED_SELECTOR = YES;
				GCC_WARN_UNINITIALIZED_AUTOS = YES_AGGRESSIVE;
				GCC_WARN_UNUSED_FUNCTION = YES;
				GCC_WARN_UNUSED_VARIABLE = YES;
				IPHONEOS_DEPLOYMENT_TARGET = 14.5;
				MTL_ENABLE_DEBUG_INFO = NO;
				MTL_FAST_MATH = YES;
				SDKROOT = iphoneos;
				SWIFT_COMPILATION_MODE = wholemodule;
				SWIFT_OPTIMIZATION_LEVEL = "-O";
				VALIDATE_PRODUCT = YES;
			};
			name = Release;
		};
		46C0CDD626956C49003FED37 /* Debug */ = {
			isa = XCBuildConfiguration;
			baseConfigurationReference = 8E48F85B66E44704AAB03447 /* Pods-loginValidationPractice.debug.xcconfig */;
			buildSettings = {
				ASSETCATALOG_COMPILER_APPICON_NAME = AppIcon;
				ASSETCATALOG_COMPILER_GLOBAL_ACCENT_COLOR_NAME = AccentColor;
				CODE_SIGN_STYLE = Automatic;
				INFOPLIST_FILE = loginValidationPractice/Info.plist;
				LD_RUNPATH_SEARCH_PATHS = (
					"$(inherited)",
					"@executable_path/Frameworks",
				);
				PRODUCT_BUNDLE_IDENTIFIER = com.seohyeokgyu.loginValidationPractice;
				PRODUCT_NAME = "$(TARGET_NAME)";
				SWIFT_VERSION = 5.0;
				TARGETED_DEVICE_FAMILY = "1,2";
			};
			name = Debug;
		};
		46C0CDD726956C49003FED37 /* Release */ = {
			isa = XCBuildConfiguration;
			baseConfigurationReference = F074EA7070975CCC17E46EDA /* Pods-loginValidationPractice.release.xcconfig */;
			buildSettings = {
				ASSETCATALOG_COMPILER_APPICON_NAME = AppIcon;
				ASSETCATALOG_COMPILER_GLOBAL_ACCENT_COLOR_NAME = AccentColor;
				CODE_SIGN_STYLE = Automatic;
				INFOPLIST_FILE = loginValidationPractice/Info.plist;
				LD_RUNPATH_SEARCH_PATHS = (
					"$(inherited)",
					"@executable_path/Frameworks",
				);
				PRODUCT_BUNDLE_IDENTIFIER = com.seohyeokgyu.loginValidationPractice;
				PRODUCT_NAME = "$(TARGET_NAME)";
				SWIFT_VERSION = 5.0;
				TARGETED_DEVICE_FAMILY = "1,2";
			};
			name = Release;
		};
/* End XCBuildConfiguration section */

/* Begin XCConfigurationList section */
		46C0CDBC26956C48003FED37 /* Build configuration list for PBXProject "loginValidationPractice" */ = {
			isa = XCConfigurationList;
			buildConfigurations = (
				46C0CDD326956C49003FED37 /* Debug */,
				46C0CDD426956C49003FED37 /* Release */,
			);
			defaultConfigurationIsVisible = 0;
			defaultConfigurationName = Release;
		};
		46C0CDD526956C49003FED37 /* Build configuration list for PBXNativeTarget "loginValidationPractice" */ = {
			isa = XCConfigurationList;
			buildConfigurations = (
				46C0CDD626956C49003FED37 /* Debug */,
				46C0CDD726956C49003FED37 /* Release */,
			);
			defaultConfigurationIsVisible = 0;
			defaultConfigurationName = Release;
		};
/* End XCConfigurationList section */
	};
	rootObject = 46C0CDB926956C48003FED37 /* Project object */;
}
